{
  "lockfileVersion": 1,
  "dependencies": {
    "angular": {
      "version": "https://registry.npmjs.org/angular/-/angular-1.6.4.tgz",
      "integrity": "sha1-A7exXAGggC1+LPWTJA5gQFTcd/s="
    },
    "angular-animate": {
      "version": "https://registry.npmjs.org/angular-animate/-/angular-animate-1.6.4.tgz",
      "integrity": "sha1-0+uQbTmDTy373Zgua416O02QAdI="
    },
    "angular-local-storage": {
      "version": "https://registry.npmjs.org/angular-local-storage/-/angular-local-storage-0.5.2.tgz",
      "integrity": "sha1-cHm+sKpcqROG0iMSXv79E8oOzQw="
    },
    "angular-paging": {
      "version": "https://registry.npmjs.org/angular-paging/-/angular-paging-2.2.2.tgz",
      "integrity": "sha1-cC9XTW0UBpADXqxkOV/jEfeYf7s="
    },
    "angular-pan-zoom": {
      "version": "https://registry.npmjs.org/angular-pan-zoom/-/angular-pan-zoom-1.0.18.tgz",
      "integrity": "sha1-RxKq/NYB1M2kufR0b49vyVkbQpY="
    },
    "angular-sanitize": {
      "version": "https://registry.npmjs.org/angular-sanitize/-/angular-sanitize-1.6.4.tgz",
      "integrity": "sha1-YKN+qW+w1KMio8y2TuSlzzsVTww="
    },
    "angular-ui-bootstrap": {
      "version": "https://registry.npmjs.org/angular-ui-bootstrap/-/angular-ui-bootstrap-2.5.0.tgz",
      "integrity": "sha1-L6zvuRU4ZlXcX0QVAlgDJRcjbQE="
    },
    "angular-ui-router": {
      "version": "https://registry.npmjs.org/angular-ui-router/-/angular-ui-router-0.4.2.tgz",
      "integrity": "sha1-tq7Rymmmg8guOZKJjqvUuhWGhgg="
    },
    "angular-ui-switch": {
      "version": "0.1.1",
      "resolved": "https://registry.npmjs.org/angular-ui-switch/-/angular-ui-switch-0.1.1.tgz",
      "integrity": "sha1-Kg7s9ebupkGVZPHGtqoh9LGDIB4="
    },
    "angularjs-bootstrap-datetimepicker": {
      "version": "1.1.4",
      "resolved": "https://registry.npmjs.org/angularjs-bootstrap-datetimepicker/-/angularjs-bootstrap-datetimepicker-1.1.4.tgz",
      "integrity": "sha1-iKT+oORv6PRWHirDKWT/WJ5UZKk="
    },
    "angularjs-datepicker": {
      "version": "https://registry.npmjs.org/angularjs-datepicker/-/angularjs-datepicker-2.1.17.tgz",
      "integrity": "sha1-k4srcVTuHGNbzapMnTIpSjqaTc8="
    },
    "angularjs-slider": {
      "version": "6.4.0",
      "resolved": "https://registry.npmjs.org/angularjs-slider/-/angularjs-slider-6.4.0.tgz",
      "integrity": "sha1-AIdcZEZ5vCgcceizbGlJ3Oj6EGs="
    },
    "bootstrap": {
      "version": "3.3.7",
      "resolved": "https://registry.npmjs.org/bootstrap/-/bootstrap-3.3.7.tgz",
      "integrity": "sha1-WjiTlFSfIzMIdaOxUGVldPip63E="
    },
    "font-awesome": {
      "version": "4.7.0",
      "resolved": "https://registry.npmjs.org/font-awesome/-/font-awesome-4.7.0.tgz",
      "integrity": "sha1-j6jPBBGhoxr9B7BtKQK7n8gVoTM="
    },
    "jssha": {
      "version": "2.3.1",
      "resolved": "https://registry.npmjs.org/jssha/-/jssha-2.3.1.tgz",
      "integrity": "sha1-FHshJTaQNcpLL30hDcU58Amz3po="
    },
    "moment": {
      "version": "2.19.1",
      "resolved": "https://registry.npmjs.org/moment/-/moment-2.19.1.tgz",
      "integrity": "sha1-VtoaLRy/AdOLfhr8McELz6GSkWc="
    }
  }
}
